# THIS IS AN AUTOGENERATED FILE. DO NOT EDIT THIS FILE DIRECTLY.
# yarn lockfile v1


"@guardian/prettier@^5.0.0":
  version "5.0.0"
  resolved "https://registry.yarnpkg.com/@guardian/prettier/-/prettier-5.0.0.tgz#0cd36b105512510192ea9fd18da3d3df2d7b3b72"
  integrity sha512-gJSQuuP7JVDOWQj4EUrwyJTnMt+frLkw0D2sLg70nHn76L3LmH2xTQtYMPUsqyqn37qocDPzgdvBdmATi50zRQ==

prettier@^3.0.3:
  version "3.0.3"
  resolved "https://registry.yarnpkg.com/prettier/-/prettier-3.0.3.tgz#432a51f7ba422d1469096c0fdc28e235db8f9643"
  integrity sha512-L/4pUDMxcNa8R/EthV08Zt42WBO4h1rarVtK0K+QJG0X187OLo7l699jWw0GKuwzkPQ//jMFA/8Xm6Fh3J/DAg==
